// !$*UTF8*$!
{
	archiveVersion = 1;
	classes = {
	};
	objectVersion = 50;
	objects = {

/* Begin PBXBuildFile section */
		89A000EF211C1EF70060AD23 /* AppDelegate.swift in Sources */ = {isa = PBXBuildFile; fileRef = 89A000EE211C1EF70060AD23 /* AppDelegate.swift */; };
		89A000F1211C1EF70060AD23 /* ViewController.swift in Sources */ = {isa = PBXBuildFile; fileRef = 89A000F0211C1EF70060AD23 /* ViewController.swift */; };
		89A000F4211C1EF70060AD23 /* Main.storyboard in Resources */ = {isa = PBXBuildFile; fileRef = 89A000F2211C1EF70060AD23 /* Main.storyboard */; };
		89A000F6211C1EF90060AD23 /* Assets.xcassets in Resources */ = {isa = PBXBuildFile; fileRef = 89A000F5211C1EF90060AD23 /* Assets.xcassets */; };
		89A000F9211C1EF90060AD23 /* LaunchScreen.storyboard in Resources */ = {isa = PBXBuildFile; fileRef = 89A000F7211C1EF90060AD23 /* LaunchScreen.storyboard */; };
		89A00101211C1FC00060AD23 /* NewViewController.swift in Sources */ = {isa = PBXBuildFile; fileRef = 89A00100211C1FC00060AD23 /* NewViewController.swift */; };
/* End PBXBuildFile section */

/* Begin PBXFileReference section */
		89A000EB211C1EF70060AD23 /* OpenglFirst.app */ = {isa = PBXFileReference; explicitFileType = wrapper.application; includeInIndex = 0; path = OpenglFirst.app; sourceTree = BUILT_PRODUCTS_DIR; };
		89A000EE211C1EF70060AD23 /* AppDelegate.swift */ = {isa = PBXFileReference; lastKnownFileType = sourcecode.swift; path = AppDelegate.swift; sourceTree = "<group>"; };
		89A000F0211C1EF70060AD23 /* ViewController.swift */ = {isa = PBXFileReference; lastKnownFileType = sourcecode.swift; path = ViewController.swift; sourceTree = "<group>"; };
		89A000F3211C1EF70060AD23 /* Base */ = {isa = PBXFileReference; lastKnownFileType = file.storyboard; name = Base; path = Base.lproj/Main.storyboard; sourceTree = "<group>"; };
		89A000F5211C1EF90060AD23 /* Assets.xcassets */ = {isa = PBXFileReference; lastKnownFileType = folder.assetcatalog; path = Assets.xcassets; sourceTree = "<group>"; };
		89A000F8211C1EF90060AD23 /* Base */ = {isa = PBXFileReference; lastKnownFileType = file.storyboard; name = Base; path = Base.lproj/LaunchScreen.storyboard; sourceTree = "<group>"; };
		89A000FA211C1EF90060AD23 /* Info.plist */ = {isa = PBXFileReference; lastKnownFileType = text.plist.xml; path = Info.plist; sourceTree = "<group>"; };
		89A00100211C1FC00060AD23 /* NewViewController.swift */ = {isa = PBXFileReference; lastKnownFileType = sourcecode.swift; path = NewViewController.swift; sourceTree = "<group>"; };
/* End PBXFileReference section */

/* Begin PBXFrameworksBuildPhase section */
		89A000E8211C1EF70060AD23 /* Frameworks */ = {
			isa = PBXFrameworksBuildPhase;
			buildActionMask = 2147483647;
			files = (
			);
			runOnlyForDeploymentPostprocessing = 0;
		};
/* End PBXFrameworksBuildPhase section */

/* Begin PBXGroup section */
		89A000E2211C1EF70060AD23 = {
			isa = PBXGroup;
			children = (
				89A000ED211C1EF70060AD23 /* OpenglFirst */,
				89A000EC211C1EF70060AD23 /* Products */,
			);
			sourceTree = "<group>";
		};
		89A000EC211C1EF70060AD23 /* Products */ = {
			isa = PBXGroup;
			children = (
				89A000EB211C1EF70060AD23 /* OpenglFirst.app */,
			);
			name = Products;
			sourceTree = "<group>";
		};
		89A000ED211C1EF70060AD23 /* OpenglFirst */ = {
			isa = PBXGroup;
			children = (
				89A000EE211C1EF70060AD23 /* AppDelegate.swift */,
				89A000F0211C1EF70060AD23 /* ViewController.swift */,
				89A00100211C1FC00060AD23 /* NewViewController.swift */,
				89A000F2211C1EF70060AD23 /* Main.storyboard */,
				89A000F5211C1EF90060AD23 /* Assets.xcassets */,
				89A000F7211C1EF90060AD23 /* LaunchScreen.storyboard */,
				89A000FA211C1EF90060AD23 /* Info.plist */,
			);
			path = OpenglFirst;
			sourceTree = "<group>";
		};
/* End PBXGroup section */

/* Begin PBXNativeTarget section */
		89A000EA211C1EF70060AD23 /* OpenglFirst */ = {
			isa = PBXNativeTarget;
			buildConfigurationList = 89A000FD211C1EF90060AD23 /* Build configuration list for PBXNativeTarget "OpenglFirst" */;
			buildPhases = (
				89A000E7211C1EF70060AD23 /* Sources */,
				89A000E8211C1EF70060AD23 /* Frameworks */,
				89A000E9211C1EF70060AD23 /* Resources */,
			);
			buildRules = (
			);
			dependencies = (
			);
			name = OpenglFirst;
			productName = OpenglFirst;
			productReference = 89A000EB211C1EF70060AD23 /* OpenglFirst.app */;
			productType = "com.apple.product-type.application";
		};
/* End PBXNativeTarget section */

/* Begin PBXProject section */
		89A000E3211C1EF70060AD23 /* Project object */ = {
			isa = PBXProject;
			attributes = {
				LastSwiftUpdateCheck = 0940;
				LastUpgradeCheck = 0940;
				ORGANIZATIONNAME = "dilip kumar";
				TargetAttributes = {
					89A000EA211C1EF70060AD23 = {
						CreatedOnToolsVersion = 9.4.1;
					};
				};
			};
			buildConfigurationList = 89A000E6211C1EF70060AD23 /* Build configuration list for PBXProject "OpenglFirst" */;
			compatibilityVersion = "Xcode 9.3";
			developmentRegion = en;
			hasScannedForEncodings = 0;
			knownRegions = (
				en,
				Base,
			);
			mainGroup = 89A000E2211C1EF70060AD23;
			productRefGroup = 89A000EC211C1EF70060AD23 /* Products */;
			projectDirPath = "";
			projectRoot = "";
			targets = (
				89A000EA211C1EF70060AD23 /* OpenglFirst */,
			);
		};
/* End PBXProject section */

/* Begin PBXResourcesBuildPhase section */
		89A000E9211C1EF70060AD23 /* Resources */ = {
			isa = PBXResourcesBuildPhase;
			buildActionMask = 2147483647;
			files = (
				89A000F9211C1EF90060AD23 /* LaunchScreen.storyboard in Resources */,
				89A000F6211C1EF90060AD23 /* Assets.xcassets in Resources */,
				89A000F4211C1EF70060AD23 /* Main.storyboard in Resources */,
			);
			runOnlyForDeploymentPostprocessing = 0;
		};
/* End PBXResourcesBuildPhase section */

/* Begin PBXSourcesBuildPhase section */
		89A000E7211C1EF70060AD23 /* Sources */ = {
			isa = PBXSourcesBuildPhase;
			buildActionMask = 2147483647;
			files = (
				89A00101211C1FC00060AD23 /* NewViewController.swift in Sources */,
				89A000F1211C1EF70060AD23 /* ViewController.swift in Sources */,
				89A000EF211C1EF70060AD23 /* AppDelegate.swift in Sources */,
			);
			runOnlyForDeploymentPostprocessing = 0;
		};
/* End PBXSourcesBuildPhase section */

/* Begin PBXVariantGroup section */
		89A000F2211C1EF70060AD23 /* Main.storyboard */ = {
			isa = PBXVariantGroup;
			children = (
				89A000F3211C1EF70060AD23 /* Base */,
			);
			name = Main.storyboard;
			sourceTree = "<group>";
		};
		89A000F7211C1EF90060AD23 /* LaunchScreen.storyboard */ = {
			isa = PBXVariantGroup;
			children = (
				89A000F8211C1EF90060AD23 /* Base */,
			);
			name = LaunchScreen.storyboard;
			sourceTree = "<group>";
		};
/* End PBXVariantGroup section */

/* Begin XCBuildConfiguration section */
		89A000FB211C1EF90060AD23 /* Debug */ = {
			isa = XCBuildConfiguration;
			buildSettings = {
				ALWAYS_SEARCH_USER_PATHS = NO;
				CLANG_ANALYZER_NONNULL = YES;
				CLANG_ANALYZER_NUMBER_OBJECT_CONVERSION = YES_AGGRESSIVE;
				CLANG_CXX_LANGUAGE_STANDARD = "gnu++14";
				CLANG_CXX_LIBRARY = "libc++";
				CLANG_ENABLE_MODULES = YES;
				CLANG_ENABLE_OBJC_ARC = YES;
				CLANG_ENABLE_OBJC_WEAK = YES;
				CLANG_WARN_BLOCK_CAPTURE_AUTORELEASING = YES;
				CLANG_WARN_BOOL_CONVERSION = YES;
				CLANG_WARN_COMMA = YES;
				CLANG_WARN_CONSTANT_CONVERSION = YES;
				CLANG_WARN_DEPRECATED_OBJC_IMPLEMENTATIONS = YES;
				CLANG_WARN_DIRECT_OBJC_ISA_USAGE = YES_ERROR;
				CLANG_WARN_DOCUMENTATION_COMMENTS = YES;
				CLANG_WARN_EMPTY_BODY = YES;
				CLANG_WARN_ENUM_CONVERSION = YES;
				CLANG_WARN_INFINITE_RECURSION = YES;
				CLANG_WARN_INT_CONVERSION = YES;
				CLANG_WARN_NON_LITERAL_NULL_CONVERSION = YES;
				CLANG_WARN_OBJC_IMPLICIT_RETAIN_SELF = YES;
				CLANG_WARN_OBJC_LITERAL_CONVERSION = YES;
				CLANG_WARN_OBJC_ROOT_CLASS = YES_ERROR;
				CLANG_WARN_RANGE_LOOP_ANALYSIS = YES;
				CLANG_WARN_STRICT_PROTOTYPES = YES;
				CLANG_WARN_SUSPICIOUS_MOVE = YES;
				CLANG_WARN_UNGUARDED_AVAILABILITY = YES_AGGRESSIVE;
				CLANG_WARN_UNREACHABLE_CODE = YES;
				CLANG_WARN__DUPLICATE_METHOD_MATCH = YES;
				CODE_SIGN_IDENTITY = "iPhone Developer";
				COPY_PHASE_STRIP = NO;
				DEBUG_INFORMATION_FORMAT = dwarf;
				ENABLE_STRICT_OBJC_MSGSEND = YES;
				ENABLE_TESTABILITY = YES;
				GCC_C_LANGUAGE_STANDARD = gnu11;
				GCC_DYNAMIC_NO_PIC = NO;
				GCC_NO_COMMON_BLOCKS = YES;
				GCC_OPTIMIZATION_LEVEL = 0;
				GCC_PREPROCESSOR_DEFINITIONS = (
					"DEBUG=1",
					"$(inherited)",
				);
				GCC_WARN_64_TO_32_BIT_CONVERSION = YES;
				GCC_WARN_ABOUT_RETURN_TYPE = YES_ERROR;
				GCC_WARN_UNDECLARED_SELECTOR = YES;
				GCC_WARN_UNINITIALIZED_AUTOS = YES_AGGRESSIVE;
				GCC_WARN_UNUSED_FUNCTION = YES;
				GCC_WARN_UNUSED_VARIABLE = YES;
				IPHONEOS_DEPLOYMENT_TARGET = 11.4;
				MTL_ENABLE_DEBUG_INFO = YES;
				ONLY_ACTIVE_ARCH = YES;
				SDKROOT = iphoneos;
				SWIFT_ACTIVE_COMPILATION_CONDITIONS = DEBUG;
				SWIFT_OPTIMIZATION_LEVEL = "-Onone";
			};
			name = Debug;
		};
		89A000FC211C1EF90060AD23 /* Release */ = {
			isa = XCBuildConfiguration;
			buildSettings = {
				ALWAYS_SEARCH_USER_PATHS = NO;
				CLANG_ANALYZER_NONNULL = YES;
				CLANG_ANALYZER_NUMBER_OBJECT_CONVERSION = YES_AGGRESSIVE;
				CLANG_CXX_LANGUAGE_STANDARD = "gnu++14";
				CLANG_CXX_LIBRARY = "libc++";
				CLANG_ENABLE_MODULES = YES;
				CLANG_ENABLE_OBJC_ARC = YES;
				CLANG_ENABLE_OBJC_WEAK = YES;
				CLANG_WARN_BLOCK_CAPTURE_AUTORELEASING = YES;
				CLANG_WARN_BOOL_CONVERSION = YES;
				CLANG_WARN_COMMA = YES;
				CLANG_WARN_CONSTANT_CONVERSION = YES;
				CLANG_WARN_DEPRECATED_OBJC_IMPLEMENTATIONS = YES;
				CLANG_WARN_DIRECT_OBJC_ISA_USAGE = YES_ERROR;
				CLANG_WARN_DOCUMENTATION_COMMENTS = YES;
				CLANG_WARN_EMPTY_BODY = YES;
				CLANG_WARN_ENUM_CONVERSION = YES;
				CLANG_WARN_INFINITE_RECURSION = YES;
				CLANG_WARN_INT_CONVERSION = YES;
				CLANG_WARN_NON_LITERAL_NULL_CONVERSION = YES;
				CLANG_WARN_OBJC_IMPLICIT_RETAIN_SELF = YES;
				CLANG_WARN_OBJC_LITERAL_CONVERSION = YES;
				CLANG_WARN_OBJC_ROOT_CLASS = YES_ERROR;
				CLANG_WARN_RANGE_LOOP_ANALYSIS = YES;
				CLANG_WARN_STRICT_PROTOTYPES = YES;
				CLANG_WARN_SUSPICIOUS_MOVE = YES;
				CLANG_WARN_UNGUARDED_AVAILABILITY = YES_AGGRESSIVE;
				CLANG_WARN_UNREACHABLE_CODE = YES;
				CLANG_WARN__DUPLICATE_METHOD_MATCH = YES;
				CODE_SIGN_IDENTITY = "iPhone Developer";
				COPY_PHASE_STRIP = NO;
				DEBUG_INFORMATION_FORMAT = "dwarf-with-dsym";
				ENABLE_NS_ASSERTIONS = NO;
				ENABLE_STRICT_OBJC_MSGSEND = YES;
				GCC_C_LANGUAGE_STANDARD = gnu11;
				GCC_NO_COMMON_BLOCKS = YES;
				GCC_WARN_64_TO_32_BIT_CONVERSION = YES;
				GCC_WARN_ABOUT_RETURN_TYPE = YES_ERROR;
				GCC_WARN_UNDECLARED_SELECTOR = YES;
				GCC_WARN_UNINITIALIZED_AUTOS = YES_AGGRESSIVE;
				GCC_WARN_UNUSED_FUNCTION = YES;
				GCC_WARN_UNUSED_VARIABLE = YES;
				IPHONEOS_DEPLOYMENT_TARGET = 11.4;
				MTL_ENABLE_DEBUG_INFO = NO;
				SDKROOT = iphoneos;
				SWIFT_COMPILATION_MODE = wholemodule;
				SWIFT_OPTIMIZATION_LEVEL = "-O";
				VALIDATE_PRODUCT = YES;
			};
			name = Release;
		};
		89A000FE211C1EF90060AD23 /* Debug */ = {
			isa = XCBuildConfiguration;
			buildSettings = {
				ASSETCATALOG_COMPILER_APPICON_NAME = AppIcon;
				CODE_SIGN_STYLE = Manual;
				DEVELOPMENT_TEAM = "";
				INFOPLIST_FILE = OpenglFirst/Info.plist;
				LD_RUNPATH_SEARCH_PATHS = (
					"$(inherited)",
					"@executable_path/Frameworks",
				);
				PRODUCT_BUNDLE_IDENTIFIER = my.OpenglFirst;
				PRODUCT_NAME = "$(TARGET_NAME)";
				PROVISIONING_PROFILE_SPECIFIER = "";
				SWIFT_VERSION = 4.0;
				TARGETED_DEVICE_FAMILY = "1,2";
			};
			name = Debug;
		};
		89A000FF211C1EF90060AD23 /* Release */ = {
			isa = XCBuildConfiguration;
			buildSettings = {
				ASSETCATALOG_COMPILER_APPICON_NAME = AppIcon;
				CODE_SIGN_STYLE = Manual;
				DEVELOPMENT_TEAM = "";
				INFOPLIST_FILE = OpenglFirst/Info.plist;
				LD_RUNPATH_SEARCH_PATHS = (
					"$(inherited)",
					"@executable_path/Frameworks",
				);
				PRODUCT_BUNDLE_IDENTIFIER = my.OpenglFirst;
				PRODUCT_NAME = "$(TARGET_NAME)";
				PROVISIONING_PROFILE_SPECIFIER = "";
				SWIFT_VERSION = 4.0;
				TARGETED_DEVICE_FAMILY = "1,2";
			};
			name = Release;
		};
/* End XCBuildConfiguration section */

/* Begin XCConfigurationList section */
		89A000E6211C1EF70060AD23 /* Build configuration list for PBXProject "OpenglFirst" */ = {
			isa = XCConfigurationList;
			buildConfigurations = (
				89A000FB211C1EF90060AD23 /* Debug */,
				89A000FC211C1EF90060AD23 /* Release */,
			);
			defaultConfigurationIsVisible = 0;
			defaultConfigurationName = Release;
		};
		89A000FD211C1EF90060AD23 /* Build configuration list for PBXNativeTarget "OpenglFirst" */ = {
			isa = XCConfigurationList;
			buildConfigurations = (
				89A000FE211C1EF90060AD23 /* Debug */,
				89A000FF211C1EF90060AD23 /* Release */,
			);
			defaultConfigurationIsVisible = 0;
			defaultConfigurationName = Release;
		};
/* End XCConfigurationList section */
	};
	rootObject = 89A000E3211C1EF70060AD23 /* Project object */;
}
