// !$*UTF8*$!
{
	archiveVersion = 1;
	classes = {
	};
	objectVersion = 50;
	objects = {

/* Begin PBXBuildFile section */
		89E5DCF0215CDF4F005BD616 /* AppDelegate.swift in Sources */ = {isa = PBXBuildFile; fileRef = 89E5DCEF215CDF4F005BD616 /* AppDelegate.swift */; };
		89E5DCF2215CDF4F005BD616 /* ViewController.swift in Sources */ = {isa = PBXBuildFile; fileRef = 89E5DCF1215CDF4F005BD616 /* ViewController.swift */; };
		89E5DCF5215CDF4F005BD616 /* Main.storyboard in Resources */ = {isa = PBXBuildFile; fileRef = 89E5DCF3215CDF4F005BD616 /* Main.storyboard */; };
		89E5DCF7215CDF53005BD616 /* Assets.xcassets in Resources */ = {isa = PBXBuildFile; fileRef = 89E5DCF6215CDF53005BD616 /* Assets.xcassets */; };
		89E5DCFA215CDF53005BD616 /* LaunchScreen.storyboard in Resources */ = {isa = PBXBuildFile; fileRef = 89E5DCF8215CDF53005BD616 /* LaunchScreen.storyboard */; };
		89E5DD04215CE008005BD616 /* Test.cpp in Sources */ = {isa = PBXBuildFile; fileRef = 89E5DD02215CE008005BD616 /* Test.cpp */; };
		89E5DD09215CE195005BD616 /* Layer.mm in Sources */ = {isa = PBXBuildFile; fileRef = 89E5DD07215CE195005BD616 /* Layer.mm */; };
/* End PBXBuildFile section */

/* Begin PBXFileReference section */
		89E5DCEC215CDF4F005BD616 /* Multithread1.app */ = {isa = PBXFileReference; explicitFileType = wrapper.application; includeInIndex = 0; path = Multithread1.app; sourceTree = BUILT_PRODUCTS_DIR; };
		89E5DCEF215CDF4F005BD616 /* AppDelegate.swift */ = {isa = PBXFileReference; lastKnownFileType = sourcecode.swift; path = AppDelegate.swift; sourceTree = "<group>"; };
		89E5DCF1215CDF4F005BD616 /* ViewController.swift */ = {isa = PBXFileReference; lastKnownFileType = sourcecode.swift; path = ViewController.swift; sourceTree = "<group>"; };
		89E5DCF4215CDF4F005BD616 /* Base */ = {isa = PBXFileReference; lastKnownFileType = file.storyboard; name = Base; path = Base.lproj/Main.storyboard; sourceTree = "<group>"; };
		89E5DCF6215CDF53005BD616 /* Assets.xcassets */ = {isa = PBXFileReference; lastKnownFileType = folder.assetcatalog; path = Assets.xcassets; sourceTree = "<group>"; };
		89E5DCF9215CDF53005BD616 /* Base */ = {isa = PBXFileReference; lastKnownFileType = file.storyboard; name = Base; path = Base.lproj/LaunchScreen.storyboard; sourceTree = "<group>"; };
		89E5DCFB215CDF53005BD616 /* Info.plist */ = {isa = PBXFileReference; lastKnownFileType = text.plist.xml; path = Info.plist; sourceTree = "<group>"; };
		89E5DD01215CE007005BD616 /* Multithread1-Bridging-Header.h */ = {isa = PBXFileReference; lastKnownFileType = sourcecode.c.h; path = "Multithread1-Bridging-Header.h"; sourceTree = "<group>"; };
		89E5DD02215CE008005BD616 /* Test.cpp */ = {isa = PBXFileReference; lastKnownFileType = sourcecode.cpp.cpp; path = Test.cpp; sourceTree = "<group>"; };
		89E5DD03215CE008005BD616 /* Test.hpp */ = {isa = PBXFileReference; lastKnownFileType = sourcecode.cpp.h; path = Test.hpp; sourceTree = "<group>"; };
		89E5DD07215CE195005BD616 /* Layer.mm */ = {isa = PBXFileReference; lastKnownFileType = sourcecode.cpp.objcpp; path = Layer.mm; sourceTree = "<group>"; };
		89E5DD08215CE195005BD616 /* Layer.hpp */ = {isa = PBXFileReference; lastKnownFileType = sourcecode.cpp.h; path = Layer.hpp; sourceTree = "<group>"; };
/* End PBXFileReference section */

/* Begin PBXFrameworksBuildPhase section */
		89E5DCE9215CDF4F005BD616 /* Frameworks */ = {
			isa = PBXFrameworksBuildPhase;
			buildActionMask = 2147483647;
			files = (
			);
			runOnlyForDeploymentPostprocessing = 0;
		};
/* End PBXFrameworksBuildPhase section */

/* Begin PBXGroup section */
		89E5DCE3215CDF4F005BD616 = {
			isa = PBXGroup;
			children = (
				89E5DCEE215CDF4F005BD616 /* Multithread1 */,
				89E5DCED215CDF4F005BD616 /* Products */,
				89E5DD01215CE007005BD616 /* Multithread1-Bridging-Header.h */,
			);
			sourceTree = "<group>";
		};
		89E5DCED215CDF4F005BD616 /* Products */ = {
			isa = PBXGroup;
			children = (
				89E5DCEC215CDF4F005BD616 /* Multithread1.app */,
			);
			name = Products;
			sourceTree = "<group>";
		};
		89E5DCEE215CDF4F005BD616 /* Multithread1 */ = {
			isa = PBXGroup;
			children = (
				89E5DD03215CE008005BD616 /* Test.hpp */,
				89E5DD02215CE008005BD616 /* Test.cpp */,
				89E5DCEF215CDF4F005BD616 /* AppDelegate.swift */,
				89E5DCF1215CDF4F005BD616 /* ViewController.swift */,
				89E5DCF3215CDF4F005BD616 /* Main.storyboard */,
				89E5DCF6215CDF53005BD616 /* Assets.xcassets */,
				89E5DCF8215CDF53005BD616 /* LaunchScreen.storyboard */,
				89E5DCFB215CDF53005BD616 /* Info.plist */,
				89E5DD07215CE195005BD616 /* Layer.mm */,
				89E5DD08215CE195005BD616 /* Layer.hpp */,
			);
			path = Multithread1;
			sourceTree = "<group>";
		};
/* End PBXGroup section */

/* Begin PBXNativeTarget section */
		89E5DCEB215CDF4F005BD616 /* Multithread1 */ = {
			isa = PBXNativeTarget;
			buildConfigurationList = 89E5DCFE215CDF53005BD616 /* Build configuration list for PBXNativeTarget "Multithread1" */;
			buildPhases = (
				89E5DCE8215CDF4F005BD616 /* Sources */,
				89E5DCE9215CDF4F005BD616 /* Frameworks */,
				89E5DCEA215CDF4F005BD616 /* Resources */,
			);
			buildRules = (
			);
			dependencies = (
			);
			name = Multithread1;
			productName = Multithread1;
			productReference = 89E5DCEC215CDF4F005BD616 /* Multithread1.app */;
			productType = "com.apple.product-type.application";
		};
/* End PBXNativeTarget section */

/* Begin PBXProject section */
		89E5DCE4215CDF4F005BD616 /* Project object */ = {
			isa = PBXProject;
			attributes = {
				LastSwiftUpdateCheck = 1000;
				LastUpgradeCheck = 1000;
				ORGANIZATIONNAME = "dilip kumar";
				TargetAttributes = {
					89E5DCEB215CDF4F005BD616 = {
						CreatedOnToolsVersion = 10.0;
						LastSwiftMigration = 1000;
					};
				};
			};
			buildConfigurationList = 89E5DCE7215CDF4F005BD616 /* Build configuration list for PBXProject "Multithread1" */;
			compatibilityVersion = "Xcode 9.3";
			developmentRegion = en;
			hasScannedForEncodings = 0;
			knownRegions = (
				en,
				Base,
			);
			mainGroup = 89E5DCE3215CDF4F005BD616;
			productRefGroup = 89E5DCED215CDF4F005BD616 /* Products */;
			projectDirPath = "";
			projectRoot = "";
			targets = (
				89E5DCEB215CDF4F005BD616 /* Multithread1 */,
			);
		};
/* End PBXProject section */

/* Begin PBXResourcesBuildPhase section */
		89E5DCEA215CDF4F005BD616 /* Resources */ = {
			isa = PBXResourcesBuildPhase;
			buildActionMask = 2147483647;
			files = (
				89E5DCFA215CDF53005BD616 /* LaunchScreen.storyboard in Resources */,
				89E5DCF7215CDF53005BD616 /* Assets.xcassets in Resources */,
				89E5DCF5215CDF4F005BD616 /* Main.storyboard in Resources */,
			);
			runOnlyForDeploymentPostprocessing = 0;
		};
/* End PBXResourcesBuildPhase section */

/* Begin PBXSourcesBuildPhase section */
		89E5DCE8215CDF4F005BD616 /* Sources */ = {
			isa = PBXSourcesBuildPhase;
			buildActionMask = 2147483647;
			files = (
				89E5DD04215CE008005BD616 /* Test.cpp in Sources */,
				89E5DCF2215CDF4F005BD616 /* ViewController.swift in Sources */,
				89E5DCF0215CDF4F005BD616 /* AppDelegate.swift in Sources */,
				89E5DD09215CE195005BD616 /* Layer.mm in Sources */,
			);
			runOnlyForDeploymentPostprocessing = 0;
		};
/* End PBXSourcesBuildPhase section */

/* Begin PBXVariantGroup section */
		89E5DCF3215CDF4F005BD616 /* Main.storyboard */ = {
			isa = PBXVariantGroup;
			children = (
				89E5DCF4215CDF4F005BD616 /* Base */,
			);
			name = Main.storyboard;
			sourceTree = "<group>";
		};
		89E5DCF8215CDF53005BD616 /* LaunchScreen.storyboard */ = {
			isa = PBXVariantGroup;
			children = (
				89E5DCF9215CDF53005BD616 /* Base */,
			);
			name = LaunchScreen.storyboard;
			sourceTree = "<group>";
		};
/* End PBXVariantGroup section */

/* Begin XCBuildConfiguration section */
		89E5DCFC215CDF53005BD616 /* Debug */ = {
			isa = XCBuildConfiguration;
			buildSettings = {
				ALWAYS_SEARCH_USER_PATHS = NO;
				CLANG_ANALYZER_NONNULL = YES;
				CLANG_ANALYZER_NUMBER_OBJECT_CONVERSION = YES_AGGRESSIVE;
				CLANG_CXX_LANGUAGE_STANDARD = "gnu++14";
				CLANG_CXX_LIBRARY = "libc++";
				CLANG_ENABLE_MODULES = YES;
				CLANG_ENABLE_OBJC_ARC = YES;
				CLANG_ENABLE_OBJC_WEAK = YES;
				CLANG_WARN_BLOCK_CAPTURE_AUTORELEASING = YES;
				CLANG_WARN_BOOL_CONVERSION = YES;
				CLANG_WARN_COMMA = YES;
				CLANG_WARN_CONSTANT_CONVERSION = YES;
				CLANG_WARN_DEPRECATED_OBJC_IMPLEMENTATIONS = YES;
				CLANG_WARN_DIRECT_OBJC_ISA_USAGE = YES_ERROR;
				CLANG_WARN_DOCUMENTATION_COMMENTS = YES;
				CLANG_WARN_EMPTY_BODY = YES;
				CLANG_WARN_ENUM_CONVERSION = YES;
				CLANG_WARN_INFINITE_RECURSION = YES;
				CLANG_WARN_INT_CONVERSION = YES;
				CLANG_WARN_NON_LITERAL_NULL_CONVERSION = YES;
				CLANG_WARN_OBJC_IMPLICIT_RETAIN_SELF = YES;
				CLANG_WARN_OBJC_LITERAL_CONVERSION = YES;
				CLANG_WARN_OBJC_ROOT_CLASS = YES_ERROR;
				CLANG_WARN_RANGE_LOOP_ANALYSIS = YES;
				CLANG_WARN_STRICT_PROTOTYPES = YES;
				CLANG_WARN_SUSPICIOUS_MOVE = YES;
				CLANG_WARN_UNGUARDED_AVAILABILITY = YES_AGGRESSIVE;
				CLANG_WARN_UNREACHABLE_CODE = YES;
				CLANG_WARN__DUPLICATE_METHOD_MATCH = YES;
				CODE_SIGN_IDENTITY = "iPhone Developer";
				COPY_PHASE_STRIP = NO;
				DEBUG_INFORMATION_FORMAT = dwarf;
				ENABLE_STRICT_OBJC_MSGSEND = YES;
				ENABLE_TESTABILITY = YES;
				GCC_C_LANGUAGE_STANDARD = gnu11;
				GCC_DYNAMIC_NO_PIC = NO;
				GCC_NO_COMMON_BLOCKS = YES;
				GCC_OPTIMIZATION_LEVEL = 0;
				GCC_PREPROCESSOR_DEFINITIONS = (
					"DEBUG=1",
					"$(inherited)",
				);
				GCC_WARN_64_TO_32_BIT_CONVERSION = YES;
				GCC_WARN_ABOUT_RETURN_TYPE = YES_ERROR;
				GCC_WARN_UNDECLARED_SELECTOR = YES;
				GCC_WARN_UNINITIALIZED_AUTOS = YES_AGGRESSIVE;
				GCC_WARN_UNUSED_FUNCTION = YES;
				GCC_WARN_UNUSED_VARIABLE = YES;
				IPHONEOS_DEPLOYMENT_TARGET = 12.0;
				MTL_ENABLE_DEBUG_INFO = INCLUDE_SOURCE;
				MTL_FAST_MATH = YES;
				ONLY_ACTIVE_ARCH = YES;
				SDKROOT = iphoneos;
				SWIFT_ACTIVE_COMPILATION_CONDITIONS = DEBUG;
				SWIFT_OPTIMIZATION_LEVEL = "-Onone";
			};
			name = Debug;
		};
		89E5DCFD215CDF53005BD616 /* Release */ = {
			isa = XCBuildConfiguration;
			buildSettings = {
				ALWAYS_SEARCH_USER_PATHS = NO;
				CLANG_ANALYZER_NONNULL = YES;
				CLANG_ANALYZER_NUMBER_OBJECT_CONVERSION = YES_AGGRESSIVE;
				CLANG_CXX_LANGUAGE_STANDARD = "gnu++14";
				CLANG_CXX_LIBRARY = "libc++";
				CLANG_ENABLE_MODULES = YES;
				CLANG_ENABLE_OBJC_ARC = YES;
				CLANG_ENABLE_OBJC_WEAK = YES;
				CLANG_WARN_BLOCK_CAPTURE_AUTORELEASING = YES;
				CLANG_WARN_BOOL_CONVERSION = YES;
				CLANG_WARN_COMMA = YES;
				CLANG_WARN_CONSTANT_CONVERSION = YES;
				CLANG_WARN_DEPRECATED_OBJC_IMPLEMENTATIONS = YES;
				CLANG_WARN_DIRECT_OBJC_ISA_USAGE = YES_ERROR;
				CLANG_WARN_DOCUMENTATION_COMMENTS = YES;
				CLANG_WARN_EMPTY_BODY = YES;
				CLANG_WARN_ENUM_CONVERSION = YES;
				CLANG_WARN_INFINITE_RECURSION = YES;
				CLANG_WARN_INT_CONVERSION = YES;
				CLANG_WARN_NON_LITERAL_NULL_CONVERSION = YES;
				CLANG_WARN_OBJC_IMPLICIT_RETAIN_SELF = YES;
				CLANG_WARN_OBJC_LITERAL_CONVERSION = YES;
				CLANG_WARN_OBJC_ROOT_CLASS = YES_ERROR;
				CLANG_WARN_RANGE_LOOP_ANALYSIS = YES;
				CLANG_WARN_STRICT_PROTOTYPES = YES;
				CLANG_WARN_SUSPICIOUS_MOVE = YES;
				CLANG_WARN_UNGUARDED_AVAILABILITY = YES_AGGRESSIVE;
				CLANG_WARN_UNREACHABLE_CODE = YES;
				CLANG_WARN__DUPLICATE_METHOD_MATCH = YES;
				CODE_SIGN_IDENTITY = "iPhone Developer";
				COPY_PHASE_STRIP = NO;
				DEBUG_INFORMATION_FORMAT = "dwarf-with-dsym";
				ENABLE_NS_ASSERTIONS = NO;
				ENABLE_STRICT_OBJC_MSGSEND = YES;
				GCC_C_LANGUAGE_STANDARD = gnu11;
				GCC_NO_COMMON_BLOCKS = YES;
				GCC_WARN_64_TO_32_BIT_CONVERSION = YES;
				GCC_WARN_ABOUT_RETURN_TYPE = YES_ERROR;
				GCC_WARN_UNDECLARED_SELECTOR = YES;
				GCC_WARN_UNINITIALIZED_AUTOS = YES_AGGRESSIVE;
				GCC_WARN_UNUSED_FUNCTION = YES;
				GCC_WARN_UNUSED_VARIABLE = YES;
				IPHONEOS_DEPLOYMENT_TARGET = 12.0;
				MTL_ENABLE_DEBUG_INFO = NO;
				MTL_FAST_MATH = YES;
				SDKROOT = iphoneos;
				SWIFT_COMPILATION_MODE = wholemodule;
				SWIFT_OPTIMIZATION_LEVEL = "-O";
				VALIDATE_PRODUCT = YES;
			};
			name = Release;
		};
		89E5DCFF215CDF53005BD616 /* Debug */ = {
			isa = XCBuildConfiguration;
			buildSettings = {
				ASSETCATALOG_COMPILER_APPICON_NAME = AppIcon;
				CLANG_ENABLE_MODULES = YES;
				CODE_SIGN_STYLE = Manual;
				DEVELOPMENT_TEAM = "";
				INFOPLIST_FILE = Multithread1/Info.plist;
				LD_RUNPATH_SEARCH_PATHS = (
					"$(inherited)",
					"@executable_path/Frameworks",
				);
				PRODUCT_BUNDLE_IDENTIFIER = my.Multithread1;
				PRODUCT_NAME = "$(TARGET_NAME)";
				PROVISIONING_PROFILE_SPECIFIER = "";
				SWIFT_OBJC_BRIDGING_HEADER = "Multithread1-Bridging-Header.h";
				SWIFT_OPTIMIZATION_LEVEL = "-Onone";
				SWIFT_VERSION = 4.2;
				TARGETED_DEVICE_FAMILY = "1,2";
			};
			name = Debug;
		};
		89E5DD00215CDF53005BD616 /* Release */ = {
			isa = XCBuildConfiguration;
			buildSettings = {
				ASSETCATALOG_COMPILER_APPICON_NAME = AppIcon;
				CLANG_ENABLE_MODULES = YES;
				CODE_SIGN_STYLE = Manual;
				DEVELOPMENT_TEAM = "";
				INFOPLIST_FILE = Multithread1/Info.plist;
				LD_RUNPATH_SEARCH_PATHS = (
					"$(inherited)",
					"@executable_path/Frameworks",
				);
				PRODUCT_BUNDLE_IDENTIFIER = my.Multithread1;
				PRODUCT_NAME = "$(TARGET_NAME)";
				PROVISIONING_PROFILE_SPECIFIER = "";
				SWIFT_OBJC_BRIDGING_HEADER = "Multithread1-Bridging-Header.h";
				SWIFT_VERSION = 4.2;
				TARGETED_DEVICE_FAMILY = "1,2";
			};
			name = Release;
		};
/* End XCBuildConfiguration section */

/* Begin XCConfigurationList section */
		89E5DCE7215CDF4F005BD616 /* Build configuration list for PBXProject "Multithread1" */ = {
			isa = XCConfigurationList;
			buildConfigurations = (
				89E5DCFC215CDF53005BD616 /* Debug */,
				89E5DCFD215CDF53005BD616 /* Release */,
			);
			defaultConfigurationIsVisible = 0;
			defaultConfigurationName = Release;
		};
		89E5DCFE215CDF53005BD616 /* Build configuration list for PBXNativeTarget "Multithread1" */ = {
			isa = XCConfigurationList;
			buildConfigurations = (
				89E5DCFF215CDF53005BD616 /* Debug */,
				89E5DD00215CDF53005BD616 /* Release */,
			);
			defaultConfigurationIsVisible = 0;
			defaultConfigurationName = Release;
		};
/* End XCConfigurationList section */
	};
	rootObject = 89E5DCE4215CDF4F005BD616 /* Project object */;
}
